
Microsoft Visual Studio Solution File, Format Version 12.00
# Visual Studio Version 16
VisualStudioVersion = 16.0.31025.194
MinimumVisualStudioVersion = 10.0.40219.1
Project("{FAE04EC0-301F-11D3-BF4B-00C04F79EFBC}") = "Program.madlid", "Program.madlid\Program.madlid.csproj", "{CEBEBA27-D3A0-4BA3-98E7-1D24E82DF1EE}"
EndProject
Global
	GlobalSection(SolutionConfigurationPlatforms) = preSolution
		Debug|Any CPU = Debug|Any CPU
		Release|Any CPU = Release|Any CPU
	EndGlobalSection
	GlobalSection(ProjectConfigurationPlatforms) = postSolution
		{CEBEBA27-D3A0-4BA3-98E7-1D24E82DF1EE}.Debug|Any CPU.ActiveCfg = Debug|Any CPU
		{CEBEBA27-D3A0-4BA3-98E7-1D24E82DF1EE}.Debug|Any CPU.Build.0 = Debug|Any CPU
		{CEBEBA27-D3A0-4BA3-98E7-1D24E82DF1EE}.Release|Any CPU.ActiveCfg = Release|Any CPU
		{CEBEBA27-D3A0-4BA3-98E7-1D24E82DF1EE}.Release|Any CPU.Build.0 = Release|Any CPU
	EndGlobalSection
	GlobalSection(SolutionProperties) = preSolution
		HideSolutionNode = FALSE
	EndGlobalSection
	GlobalSection(ExtensibilityGlobals) = postSolution
		SolutionGuid = {70A08AC2-B7EA-4680-A85F-9A4AC7003695}
	EndGlobalSection
EndGlobal
